
Microsoft Visual Studio Solution File, Format Version 12.00
# Visual Studio Version 16
VisualStudioVersion = 16.0.33529.622
MinimumVisualStudioVersion = 10.0.40219.1
Project("{FAE04EC0-301F-11D3-BF4B-00C04F79EFBC}") = "MvcApiChaflaFramework", "MvcApiChaflaFramework\MvcApiChaflaFramework.csproj", "{07211FF0-E27E-42E6-B23A-B37AADACABC6}"
EndProject
Global
	GlobalSection(SolutionConfigurationPlatforms) = preSolution
		Debug|Any CPU = Debug|Any CPU
		Release|Any CPU = Release|Any CPU
	EndGlobalSection
	GlobalSection(ProjectConfigurationPlatforms) = postSolution
		{07211FF0-E27E-42E6-B23A-B37AADACABC6}.Debug|Any CPU.ActiveCfg = Debug|Any CPU
		{07211FF0-E27E-42E6-B23A-B37AADACABC6}.Debug|Any CPU.Build.0 = Debug|Any CPU
		{07211FF0-E27E-42E6-B23A-B37AADACABC6}.Release|Any CPU.ActiveCfg = Release|Any CPU
		{07211FF0-E27E-42E6-B23A-B37AADACABC6}.Release|Any CPU.Build.0 = Release|Any CPU
	EndGlobalSection
	GlobalSection(SolutionProperties) = preSolution
		HideSolutionNode = FALSE
	EndGlobalSection
	GlobalSection(ExtensibilityGlobals) = postSolution
		SolutionGuid = {14758E65-2F2C-45F3-B06A-C29A5D645960}
	EndGlobalSection
EndGlobal
